
Microsoft Visual Studio Solution File, Format Version 12.00
# Visual Studio Version 16
VisualStudioVersion = 16.0.31424.327
MinimumVisualStudioVersion = 10.0.40219.1
Project("{FAE04EC0-301F-11D3-BF4B-00C04F79EFBC}") = "NewBookLendApi", "NewBookLendApi\NewBookLendApi.csproj", "{EBBE4A7F-9651-456D-979E-C089D9524090}"
EndProject
Project("{FAE04EC0-301F-11D3-BF4B-00C04F79EFBC}") = "MvcBookLend", "MvcBookLend\MvcBookLend.csproj", "{71F886F0-2D40-4EB6-B4DD-A4B0183C3BAE}"
EndProject
Global
	GlobalSection(SolutionConfigurationPlatforms) = preSolution
		Debug|Any CPU = Debug|Any CPU
		Release|Any CPU = Release|Any CPU
	EndGlobalSection
	GlobalSection(ProjectConfigurationPlatforms) = postSolution
		{EBBE4A7F-9651-456D-979E-C089D9524090}.Debug|Any CPU.ActiveCfg = Debug|Any CPU
		{EBBE4A7F-9651-456D-979E-C089D9524090}.Debug|Any CPU.Build.0 = Debug|Any CPU
		{EBBE4A7F-9651-456D-979E-C089D9524090}.Release|Any CPU.ActiveCfg = Release|Any CPU
		{EBBE4A7F-9651-456D-979E-C089D9524090}.Release|Any CPU.Build.0 = Release|Any CPU
		{71F886F0-2D40-4EB6-B4DD-A4B0183C3BAE}.Debug|Any CPU.ActiveCfg = Debug|Any CPU
		{71F886F0-2D40-4EB6-B4DD-A4B0183C3BAE}.Debug|Any CPU.Build.0 = Debug|Any CPU
		{71F886F0-2D40-4EB6-B4DD-A4B0183C3BAE}.Release|Any CPU.ActiveCfg = Release|Any CPU
		{71F886F0-2D40-4EB6-B4DD-A4B0183C3BAE}.Release|Any CPU.Build.0 = Release|Any CPU
	EndGlobalSection
	GlobalSection(SolutionProperties) = preSolution
		HideSolutionNode = FALSE
	EndGlobalSection
	GlobalSection(ExtensibilityGlobals) = postSolution
		SolutionGuid = {711BE4F7-B61B-4645-A3EE-1FB67C9BDF18}
	EndGlobalSection
EndGlobal
